
Microsoft Visual Studio Solution File, Format Version 12.00
# Visual Studio Version 17
VisualStudioVersion = 17.11.35219.272
MinimumVisualStudioVersion = 10.0.40219.1
Project("{FAE04EC0-301F-11D3-BF4B-00C04F79EFBC}") = "inlämningsuppgift 3,1", "inlämningsuppgift 3,1\inlämningsuppgift 3,1.csproj", "{3C3E3EFF-BDA9-44AB-B2D9-76BB9BC311CB}"
EndProject
Global
	GlobalSection(SolutionConfigurationPlatforms) = preSolution
		Debug|Any CPU = Debug|Any CPU
		Release|Any CPU = Release|Any CPU
	EndGlobalSection
	GlobalSection(ProjectConfigurationPlatforms) = postSolution
		{3C3E3EFF-BDA9-44AB-B2D9-76BB9BC311CB}.Debug|Any CPU.ActiveCfg = Debug|Any CPU
		{3C3E3EFF-BDA9-44AB-B2D9-76BB9BC311CB}.Debug|Any CPU.Build.0 = Debug|Any CPU
		{3C3E3EFF-BDA9-44AB-B2D9-76BB9BC311CB}.Release|Any CPU.ActiveCfg = Release|Any CPU
		{3C3E3EFF-BDA9-44AB-B2D9-76BB9BC311CB}.Release|Any CPU.Build.0 = Release|Any CPU
	EndGlobalSection
	GlobalSection(SolutionProperties) = preSolution
		HideSolutionNode = FALSE
	EndGlobalSection
	GlobalSection(ExtensibilityGlobals) = postSolution
		SolutionGuid = {2FDFC683-19BE-491E-8AA1-A1CAA70AB7D0}
	EndGlobalSection
EndGlobal
